hash: d793b7b0dd382582255a9d6ce9a396bf83977aef666190548bf26d16164a9140
updated: 2017-10-02T12:34:27.235473322+09:00
imports:
- name: github.com/line/line-bot-sdk-go
  version: 3a7d66f5efce6ac202f650134609f9d6d163a640
  subpackages:
  - linebot
- name: golang.org/x/net
  version: 0a9397675ba34b2845f758fe3cd68828369c6517
  subpackages:
  - context
  - context/ctxhttp
- name: gopkg.in/mgo.v2
  version: 3f83fa5005286a7fe593b055f0d7771a7dce4655
  subpackages:
  - bson
  - internal/json
  - internal/sasl
  - internal/scram
testImports: []
